
Microsoft Visual Studio Solution File, Format Version 12.00
# Visual Studio Version 17
VisualStudioVersion = 17.4.33103.184
MinimumVisualStudioVersion = 10.0.40219.1
Project("{FAE04EC0-301F-11D3-BF4B-00C04F79EFBC}") = "Calculator", "Calculator.csproj", "{D04C994B-7ED2-45BA-8507-C8E4A5DF0633}"
EndProject
Global
	GlobalSection(SolutionConfigurationPlatforms) = preSolution
		Debug|Any CPU = Debug|Any CPU
		Release|Any CPU = Release|Any CPU
	EndGlobalSection
	GlobalSection(ProjectConfigurationPlatforms) = postSolution
		{D04C994B-7ED2-45BA-8507-C8E4A5DF0633}.Debug|Any CPU.ActiveCfg = Debug|Any CPU
		{D04C994B-7ED2-45BA-8507-C8E4A5DF0633}.Debug|Any CPU.Build.0 = Debug|Any CPU
		{D04C994B-7ED2-45BA-8507-C8E4A5DF0633}.Release|Any CPU.ActiveCfg = Release|Any CPU
		{D04C994B-7ED2-45BA-8507-C8E4A5DF0633}.Release|Any CPU.Build.0 = Release|Any CPU
	EndGlobalSection
	GlobalSection(SolutionProperties) = preSolution
		HideSolutionNode = FALSE
	EndGlobalSection
	GlobalSection(ExtensibilityGlobals) = postSolution
		SolutionGuid = {6A3F814F-000D-49FF-A12C-AEF81A01FC87}
	EndGlobalSection
EndGlobal
